{
    "_readme": [
        "This file locks the dependencies of your project to a known state",
        "Read more about it at https://getcomposer.org/doc/01-basic-usage.md#installing-dependencies",
        "This file is @generated automatically"
    ],
    "content-hash": "10e77f316d7d6d945437159d6b7cde8c",
    "packages": [
        {
            "name": "psr/log",
            "version": "dev-master",
            "source": {
                "type": "git",
                "url": "https://github.com/php-fig/log.git",
                "reference": "0f73288fd15629204f9d42b7055f72dacbe811fc"
            },
            "dist": {
                "type": "zip",
                "url": "https://api.github.com/repos/php-fig/log/zipball/0f73288fd15629204f9d42b7055f72dacbe811fc",
                "reference": "0f73288fd15629204f9d42b7055f72dacbe811fc",
                "shasum": ""
            },
            "require": {
                "php": ">=5.3.0"
            },
            "type": "library",
            "extra": {
                "branch-alias": {
                    "dev-master": "1.1.x-dev"
                }
            },
            "autoload": {
                "psr-4": {
                    "Psr\\Log\\": "Psr/Log/"
                }
            },
            "notification-url": "https://packagist.org/downloads/",
            "license": [
                "MIT"
            ],
            "authors": [
                {
                    "name": "PHP-FIG",
                    "homepage": "http://www.php-fig.org/"
                }
            ],
            "description": "Common interface for logging libraries",
            "homepage": "https://github.com/php-fig/log",
            "keywords": [
                "log",
                "psr",
                "psr-3"
            ],
            "time": "2020-03-23T09:12:05+00:00"
        },
        {
            "name": "psr/simple-cache",
            "version": "dev-master",
            "source": {
                "type": "git",
                "url": "https://github.com/php-fig/simple-cache.git",
                "reference": "5a7b96b1dda5d957e01bc1bfe77dcca09c5a7474"
            },
            "dist": {
                "type": "zip",
                "url": "https://api.github.com/repos/php-fig/simple-cache/zipball/5a7b96b1dda5d957e01bc1bfe77dcca09c5a7474",
                "reference": "5a7b96b1dda5d957e01bc1bfe77dcca09c5a7474",
                "shasum": ""
            },
            "require": {
                "php": ">=5.3.0"
            },
            "type": "library",
            "extra": {
                "branch-alias": {
                    "dev-master": "1.0.x-dev"
                }
            },
            "autoload": {
                "psr-4": {
                    "Psr\\SimpleCache\\": "src/"
                }
            },
            "notification-url": "https://packagist.org/downloads/",
            "license": [
                "MIT"
            ],
            "authors": [
                {
                    "name": "PHP-FIG",
                    "homepage": "http://www.php-fig.org/"
                }
            ],
            "description": "Common interfaces for simple caching",
            "keywords": [
                "cache",
                "caching",
                "psr",
                "psr-16",
                "simple-cache"
            ],
            "time": "2020-04-21T06:43:17+00:00"
        },
        {
            "name": "symfony/polyfill-ctype",
            "version": "dev-master",
            "source": {
                "type": "git",
                "url": "https://github.com/symfony/polyfill-ctype.git",
                "reference": "e94c8b1bbe2bc77507a1056cdb06451c75b427f9"
            },
            "dist": {
                "type": "zip",
                "url": "https://api.github.com/repos/symfony/polyfill-ctype/zipball/e94c8b1bbe2bc77507a1056cdb06451c75b427f9",
                "reference": "e94c8b1bbe2bc77507a1056cdb06451c75b427f9",
                "shasum": ""
            },
            "require": {
                "php": ">=5.3.3"
            },
            "suggest": {
                "ext-ctype": "For best performance"
            },
            "type": "library",
            "extra": {
                "branch-alias": {
                    "dev-master": "1.17-dev"
                }
            },
            "autoload": {
                "psr-4": {
                    "Symfony\\Polyfill\\Ctype\\": ""
                },
                "files": [
                    "bootstrap.php"
                ]
            },
            "notification-url": "https://packagist.org/downloads/",
            "license": [
                "MIT"
            ],
            "authors": [
                {
                    "name": "Gert de Pagter",
                    "email": "BackEndTea@gmail.com"
                },
                {
                    "name": "Symfony Community",
                    "homepage": "https://symfony.com/contributors"
                }
            ],
            "description": "Symfony polyfill for ctype functions",
            "homepage": "https://symfony.com",
            "keywords": [
                "compatibility",
                "ctype",
                "polyfill",
                "portable"
            ],
            "time": "2020-05-12T16:14:59+00:00"
        },
        {
            "name": "symfony/polyfill-mbstring",
            "version": "dev-master",
            "source": {
                "type": "git",
                "url": "https://github.com/symfony/polyfill-mbstring.git",
                "reference": "fa79b11539418b02fc5e1897267673ba2c19419c"
            },
            "dist": {
                "type": "zip",
                "url": "https://api.github.com/repos/symfony/polyfill-mbstring/zipball/fa79b11539418b02fc5e1897267673ba2c19419c",
                "reference": "fa79b11539418b02fc5e1897267673ba2c19419c",
                "shasum": ""
            },
            "require": {
                "php": ">=5.3.3"
            },
            "suggest": {
                "ext-mbstring": "For best performance"
            },
            "type": "library",
            "extra": {
                "branch-alias": {
                    "dev-master": "1.17-dev"
                }
            },
            "autoload": {
                "psr-4": {
                    "Symfony\\Polyfill\\Mbstring\\": ""
                },
                "files": [
                    "bootstrap.php"
                ]
            },
            "notification-url": "https://packagist.org/downloads/",
            "license": [
                "MIT"
            ],
            "authors": [
                {
                    "name": "Nicolas Grekas",
                    "email": "p@tchwork.com"
                },
                {
                    "name": "Symfony Community",
                    "homepage": "https://symfony.com/contributors"
                }
            ],
            "description": "Symfony polyfill for the Mbstring extension",
            "homepage": "https://symfony.com",
            "keywords": [
                "compatibility",
                "mbstring",
                "polyfill",
                "portable",
                "shim"
            ],
            "time": "2020-05-12T16:47:27+00:00"
        },
        {
            "name": "twig/twig",
            "version": "3.x-dev",
            "source": {
                "type": "git",
                "url": "https://github.com/twigphp/Twig.git",
                "reference": "3aa40a42b31e4d7d4000501a80ddd859ee02cfd8"
            },
            "dist": {
                "type": "zip",
                "url": "https://api.github.com/repos/twigphp/Twig/zipball/3aa40a42b31e4d7d4000501a80ddd859ee02cfd8",
                "reference": "3aa40a42b31e4d7d4000501a80ddd859ee02cfd8",
                "shasum": ""
            },
            "require": {
                "php": ">=7.2.5",
                "symfony/polyfill-ctype": "^1.8",
                "symfony/polyfill-mbstring": "^1.3"
            },
            "require-dev": {
                "psr/container": "^1.0",
                "symfony/phpunit-bridge": "^4.4.9|^5.0.9"
            },
            "type": "library",
            "extra": {
                "branch-alias": {
                    "dev-master": "3.0-dev"
                }
            },
            "autoload": {
                "psr-4": {
                    "Twig\\": "src/"
                }
            },
            "notification-url": "https://packagist.org/downloads/",
            "license": [
                "BSD-3-Clause"
            ],
            "authors": [
                {
                    "name": "Fabien Potencier",
                    "email": "fabien@symfony.com",
                    "homepage": "http://fabien.potencier.org",
                    "role": "Lead Developer"
                },
                {
                    "name": "Twig Team",
                    "role": "Contributors"
                },
                {
                    "name": "Armin Ronacher",
                    "email": "armin.ronacher@active-4.com",
                    "role": "Project Founder"
                }
            ],
            "description": "Twig, the flexible, fast, and secure template language for PHP",
            "homepage": "https://twig.symfony.com",
            "keywords": [
                "templating"
            ],
            "time": "2020-05-21T09:56:39+00:00"
        },
        {
            "name": "v.chetkov/console-logger",
            "version": "v0.0.3",
            "source": {
                "type": "git",
                "url": "https://github.com/Chetkov/ConsoleLogger.git",
                "reference": "ed68a1394baa58ba6c11f3ab67ceb8248e5469d9"
            },
            "dist": {
                "type": "zip",
                "url": "https://api.github.com/repos/Chetkov/ConsoleLogger/zipball/ed68a1394baa58ba6c11f3ab67ceb8248e5469d9",
                "reference": "ed68a1394baa58ba6c11f3ab67ceb8248e5469d9",
                "shasum": ""
            },
            "require": {
                "psr/log": "^1.1"
            },
            "type": "library",
            "autoload": {
                "psr-4": {
                    "Chetkov\\ConsoleLogger\\": "src/"
                }
            },
            "notification-url": "https://packagist.org/downloads/",
            "license": [
                "MIT"
            ],
            "authors": [
                {
                    "name": "Валерий Четков",
                    "email": "chetkov.valeriy@gmail.com"
                }
            ],
            "description": "Консольный логер. Даёт возможность стилизовать сообщения выводисые в консоль.",
            "time": "2020-04-24T11:00:42+00:00"
        },
        {
            "name": "v.chetkov/data-structures",
            "version": "dev-master",
            "source": {
                "type": "git",
                "url": "https://github.com/Chetkov/DataStructures.git",
                "reference": "3cd5a5910a4054f262ff3dc21ae8c399f354b11a"
            },
            "dist": {
                "type": "zip",
                "url": "https://api.github.com/repos/Chetkov/DataStructures/zipball/3cd5a5910a4054f262ff3dc21ae8c399f354b11a",
                "reference": "3cd5a5910a4054f262ff3dc21ae8c399f354b11a",
                "shasum": ""
            },
            "require-dev": {
                "phpunit/phpunit": "^7"
            },
            "type": "library",
            "autoload": {
                "psr-4": {
                    "Chetkov\\DataStructures\\": "src/",
                    "Tests\\Chetkov\\DataStructures\\": "tests/"
                }
            },
            "notification-url": "https://packagist.org/downloads/",
            "license": [
                "MIT"
            ],
            "authors": [
                {
                    "name": "Валерий Четков",
                    "email": "chetkov.valeriy@gmail.com"
                }
            ],
            "time": "2019-08-06T23:58:47+00:00"
        },
        {
            "name": "v.chetkov/money",
            "version": "dev-master",
            "source": {
                "type": "git",
                "url": "https://github.com/Chetkov/Money.git",
                "reference": "77840e179b7835fc8da1e50316855a9e155fd757"
            },
            "dist": {
                "type": "zip",
                "url": "https://api.github.com/repos/Chetkov/Money/zipball/77840e179b7835fc8da1e50316855a9e155fd757",
                "reference": "77840e179b7835fc8da1e50316855a9e155fd757",
                "shasum": ""
            },
            "require": {
                "psr/simple-cache": "^1.0",
                "v.chetkov/data-structures": "*"
            },
            "require-dev": {
                "phpstan/phpstan": "^0.11.8",
                "phpunit/phpunit": "^7.5",
                "squizlabs/php_codesniffer": "*"
            },
            "type": "library",
            "autoload": {
                "psr-4": {
                    "Chetkov\\Money\\": "src/"
                }
            },
            "notification-url": "https://packagist.org/downloads/",
            "license": [
                "MIT"
            ],
            "authors": [
                {
                    "name": "Валерий Четков",
                    "email": "chetkov.valeriy@gmail.com"
                }
            ],
            "description": "Библиотека для упрощения работы с денежными значениями",
            "time": "2019-08-11T08:10:33+00:00"
        },
        {
            "name": "v.chetkov/php-clean-architecture",
            "version": "0.0.4",
            "source": {
                "type": "git",
                "url": "https://github.com/Chetkov/php-clean-architecture.git",
                "reference": "c9c65e64e260553c611acd72376b5c8f3a66d210"
            },
            "dist": {
                "type": "zip",
                "url": "https://api.github.com/repos/Chetkov/php-clean-architecture/zipball/c9c65e64e260553c611acd72376b5c8f3a66d210",
                "reference": "c9c65e64e260553c611acd72376b5c8f3a66d210",
                "shasum": ""
            },
            "require": {
                "psr/log": "*",
                "twig/twig": "*",
                "v.chetkov/console-logger": "^0.0.3"
            },
            "bin": [
                "bin/phpca-build-reports",
                "bin/phpca-check"
            ],
            "type": "library",
            "autoload": {
                "psr-4": {
                    "Chetkov\\PHPCleanArchitecture\\": "src/"
                }
            },
            "notification-url": "https://packagist.org/downloads/",
            "license": [
                "MIT"
            ],
            "authors": [
                {
                    "name": "Валерий Четков",
                    "email": "chetkov.valeriy@gmail.com"
                }
            ],
            "description": "PHP Clean Architecture",
            "time": "2020-05-25T15:27:51+00:00"
        }
    ],
    "packages-dev": [],
    "aliases": [],
    "minimum-stability": "dev",
    "stability-flags": {
        "v.chetkov/money": 20
    },
    "prefer-stable": false,
    "prefer-lowest": false,
    "platform": [],
    "platform-dev": []
}
